
Microsoft Visual Studio Solution File, Format Version 12.00
# Visual Studio 15
VisualStudioVersion = 15.0.28307.271
MinimumVisualStudioVersion = 10.0.40219.1
Project("{FAE04EC0-301F-11D3-BF4B-00C04F79EFBC}") = "EF.Core", "EF.Core\EF.Core.csproj", "{4F68B3ED-7B7B-44E4-8ECB-20307C760114}"
EndProject
Project("{FAE04EC0-301F-11D3-BF4B-00C04F79EFBC}") = "EF.Tests", "EF.Tests\EF.Tests.csproj", "{97B83F35-2AB4-4C1B-AC7F-70CCC20CAA61}"
EndProject
Global
	GlobalSection(SolutionConfigurationPlatforms) = preSolution
		Debug|Any CPU = Debug|Any CPU
		Release|Any CPU = Release|Any CPU
	EndGlobalSection
	GlobalSection(ProjectConfigurationPlatforms) = postSolution
		{4F68B3ED-7B7B-44E4-8ECB-20307C760114}.Debug|Any CPU.ActiveCfg = Debug|Any CPU
		{4F68B3ED-7B7B-44E4-8ECB-20307C760114}.Debug|Any CPU.Build.0 = Debug|Any CPU
		{4F68B3ED-7B7B-44E4-8ECB-20307C760114}.Release|Any CPU.ActiveCfg = Release|Any CPU
		{4F68B3ED-7B7B-44E4-8ECB-20307C760114}.Release|Any CPU.Build.0 = Release|Any CPU
		{97B83F35-2AB4-4C1B-AC7F-70CCC20CAA61}.Debug|Any CPU.ActiveCfg = Debug|Any CPU
		{97B83F35-2AB4-4C1B-AC7F-70CCC20CAA61}.Debug|Any CPU.Build.0 = Debug|Any CPU
		{97B83F35-2AB4-4C1B-AC7F-70CCC20CAA61}.Release|Any CPU.ActiveCfg = Release|Any CPU
		{97B83F35-2AB4-4C1B-AC7F-70CCC20CAA61}.Release|Any CPU.Build.0 = Release|Any CPU
	EndGlobalSection
	GlobalSection(SolutionProperties) = preSolution
		HideSolutionNode = FALSE
	EndGlobalSection
	GlobalSection(ExtensibilityGlobals) = postSolution
		SolutionGuid = {7F119590-83BF-4031-A267-2426F7100EF4}
	EndGlobalSection
EndGlobal
